
Microsoft Visual Studio Solution File, Format Version 12.00
# Visual Studio 14
VisualStudioVersion = 14.0.25123.0
MinimumVisualStudioVersion = 10.0.40219.1
Project("{FAE04EC0-301F-11D3-BF4B-00C04F79EFBC}") = "SpiroNet.Wpf", "src\SpiroNet.Wpf\SpiroNet.Wpf.csproj", "{D06A68AB-E369-4EC5-860F-04F54D29077F}"
EndProject
Project("{FAE04EC0-301F-11D3-BF4B-00C04F79EFBC}") = "SpiroNet", "src\SpiroNet\SpiroNet.csproj", "{B2DEAB02-F231-4AA9-8879-0FD73096C60D}"
EndProject
Project("{FAE04EC0-301F-11D3-BF4B-00C04F79EFBC}") = "SpiroNet.Editor", "src\SpiroNet.Editor\SpiroNet.Editor.csproj", "{4F0E9E3E-DA95-40B2-8FDE-22902388E90A}"
EndProject
Global
	GlobalSection(SolutionConfigurationPlatforms) = preSolution
		Debug|Any CPU = Debug|Any CPU
		Release|Any CPU = Release|Any CPU
	EndGlobalSection
	GlobalSection(ProjectConfigurationPlatforms) = postSolution
		{D06A68AB-E369-4EC5-860F-04F54D29077F}.Debug|Any CPU.ActiveCfg = Debug|Any CPU
		{D06A68AB-E369-4EC5-860F-04F54D29077F}.Debug|Any CPU.Build.0 = Debug|Any CPU
		{D06A68AB-E369-4EC5-860F-04F54D29077F}.Release|Any CPU.ActiveCfg = Release|Any CPU
		{D06A68AB-E369-4EC5-860F-04F54D29077F}.Release|Any CPU.Build.0 = Release|Any CPU
		{B2DEAB02-F231-4AA9-8879-0FD73096C60D}.Debug|Any CPU.ActiveCfg = Debug|Any CPU
		{B2DEAB02-F231-4AA9-8879-0FD73096C60D}.Debug|Any CPU.Build.0 = Debug|Any CPU
		{B2DEAB02-F231-4AA9-8879-0FD73096C60D}.Release|Any CPU.ActiveCfg = Release|Any CPU
		{B2DEAB02-F231-4AA9-8879-0FD73096C60D}.Release|Any CPU.Build.0 = Release|Any CPU
		{4F0E9E3E-DA95-40B2-8FDE-22902388E90A}.Debug|Any CPU.ActiveCfg = Debug|Any CPU
		{4F0E9E3E-DA95-40B2-8FDE-22902388E90A}.Debug|Any CPU.Build.0 = Debug|Any CPU
		{4F0E9E3E-DA95-40B2-8FDE-22902388E90A}.Release|Any CPU.ActiveCfg = Release|Any CPU
		{4F0E9E3E-DA95-40B2-8FDE-22902388E90A}.Release|Any CPU.Build.0 = Release|Any CPU
	EndGlobalSection
	GlobalSection(SolutionProperties) = preSolution
		HideSolutionNode = FALSE
	EndGlobalSection
EndGlobal
