
Microsoft Visual Studio Solution File, Format Version 12.00
# Visual Studio Version 16
VisualStudioVersion = 16.0.28315.86
MinimumVisualStudioVersion = 10.0.40219.1
Project("{9A19103F-16F7-4668-BE54-9A1E7A4F7556}") = "SpiroNet", "src\SpiroNet\SpiroNet.csproj", "{B2DEAB02-F231-4AA9-8879-0FD73096C60D}"
EndProject
Project("{9A19103F-16F7-4668-BE54-9A1E7A4F7556}") = "SpiroNet.Editor", "src\SpiroNet.Editor\SpiroNet.Editor.csproj", "{4F0E9E3E-DA95-40B2-8FDE-22902388E90A}"
EndProject
Project("{9A19103F-16F7-4668-BE54-9A1E7A4F7556}") = "SpiroNet.Editor.Avalonia", "src\SpiroNet.Editor.Avalonia\SpiroNet.Editor.Avalonia.csproj", "{8FC66FEE-A5D3-4973-A1B6-122C083CEF43}"
EndProject
Project("{9A19103F-16F7-4668-BE54-9A1E7A4F7556}") = "SpiroNet.Json", "src\SpiroNet.Json\SpiroNet.Json.csproj", "{DDAF7FA6-7EE3-4CF8-9800-25A2C9387AFC}"
EndProject
Project("{9A19103F-16F7-4668-BE54-9A1E7A4F7556}") = "SpiroNet.ViewModels", "src\SpiroNet.ViewModels\SpiroNet.ViewModels.csproj", "{A4CD560C-4567-4889-AC1A-FE03E15FF75E}"
EndProject
Project("{2150E333-8FDC-42A3-9474-1A3956D46DE8}") = "src", "src", "{14839D79-4183-4D13-A0C3-6E396D51FA9B}"
EndProject
Project("{9A19103F-16F7-4668-BE54-9A1E7A4F7556}") = "SpiroNet.Base", "samples\SpiroNet.Base\SpiroNet.Base.csproj", "{B8DB18EB-3BE1-4344-812E-5B3B22D969A3}"
EndProject
Project("{2150E333-8FDC-42A3-9474-1A3956D46DE8}") = "samples", "samples", "{945E10EB-994A-4B19-884C-35B203D1991B}"
EndProject
Project("{2150E333-8FDC-42A3-9474-1A3956D46DE8}") = "build", "build", "{FE0DAB01-63F2-42B5-9F81-3B85B33E264B}"
	ProjectSection(SolutionItems) = preProject
		.editorconfig = .editorconfig
		build.ps1 = build.ps1
		build.sh = build.sh
		global.json = global.json
		azure-pipelines.yml = azure-pipelines.yml
	EndProjectSection
EndProject
Project("{2150E333-8FDC-42A3-9474-1A3956D46DE8}") = "git", "git", "{E69A5428-7807-4FA9-AAE5-8FE55AECBFE0}"
	ProjectSection(SolutionItems) = preProject
		.gitattributes = .gitattributes
		.gitignore = .gitignore
	EndProjectSection
EndProject
Project("{2150E333-8FDC-42A3-9474-1A3956D46DE8}") = "nuget", "nuget", "{512C0095-C46D-43D3-8185-AC460A3560EF}"
	ProjectSection(SolutionItems) = preProject
		NuGet.Config = NuGet.Config
	EndProjectSection
EndProject
Project("{2150E333-8FDC-42A3-9474-1A3956D46DE8}") = "props", "props", "{F98068A0-9210-4A55-86B8-25C8E4B686AF}"
	ProjectSection(SolutionItems) = preProject
		build\Avalonia.Desktop.props = build\Avalonia.Desktop.props
		build\Avalonia.props = build\Avalonia.props
		build\Base.props = build\Base.props
		build\Newtonsoft.Json.props = build\Newtonsoft.Json.props
		build\ReferenceAssemblies.props = build\ReferenceAssemblies.props
		build\System.IO.FileSystem.props = build\System.IO.FileSystem.props
		build\XUnit.props = build\XUnit.props
		build\SourceLink.props = build\SourceLink.props
		build\Avalonia.Web.Blazor.props = build\Avalonia.Web.Blazor.props
	EndProjectSection
EndProject
Project("{2150E333-8FDC-42A3-9474-1A3956D46DE8}") = "docs", "docs", "{C782659E-9532-475B-B746-38FFC9015978}"
	ProjectSection(SolutionItems) = preProject
		COPYING = COPYING
		README-RaphLevien = README-RaphLevien
		README.md = README.md
	EndProjectSection
EndProject
Project("{9A19103F-16F7-4668-BE54-9A1E7A4F7556}") = "_build", "build\build\_build.csproj", "{D04F8768-26EC-4EE3-B036-8DABF0DA8C82}"
EndProject
Project("{2150E333-8FDC-42A3-9474-1A3956D46DE8}") = "tests", "tests", "{ED6682CD-E4DD-484E-B048-D3BF427657C1}"
EndProject
Project("{9A19103F-16F7-4668-BE54-9A1E7A4F7556}") = "SpiroNet.UnitTests", "tests\SpiroNet.UnitTests\SpiroNet.UnitTests.csproj", "{03158CCE-BDC1-4580-BA29-ADF4DABBBF30}"
EndProject
Project("{FAE04EC0-301F-11D3-BF4B-00C04F79EFBC}") = "SpiroNet.Desktop", "samples\SpiroNet.Desktop\SpiroNet.Desktop.csproj", "{A13E2B90-DED3-4951-8507-D9707D31013C}"
EndProject
Global
	GlobalSection(SolutionConfigurationPlatforms) = preSolution
		Debug|Any CPU = Debug|Any CPU
		Release|Any CPU = Release|Any CPU
	EndGlobalSection
	GlobalSection(ProjectConfigurationPlatforms) = postSolution
		{B2DEAB02-F231-4AA9-8879-0FD73096C60D}.Debug|Any CPU.ActiveCfg = Debug|Any CPU
		{B2DEAB02-F231-4AA9-8879-0FD73096C60D}.Debug|Any CPU.Build.0 = Debug|Any CPU
		{B2DEAB02-F231-4AA9-8879-0FD73096C60D}.Release|Any CPU.ActiveCfg = Release|Any CPU
		{B2DEAB02-F231-4AA9-8879-0FD73096C60D}.Release|Any CPU.Build.0 = Release|Any CPU
		{4F0E9E3E-DA95-40B2-8FDE-22902388E90A}.Debug|Any CPU.ActiveCfg = Debug|Any CPU
		{4F0E9E3E-DA95-40B2-8FDE-22902388E90A}.Debug|Any CPU.Build.0 = Debug|Any CPU
		{4F0E9E3E-DA95-40B2-8FDE-22902388E90A}.Release|Any CPU.ActiveCfg = Release|Any CPU
		{4F0E9E3E-DA95-40B2-8FDE-22902388E90A}.Release|Any CPU.Build.0 = Release|Any CPU
		{8FC66FEE-A5D3-4973-A1B6-122C083CEF43}.Debug|Any CPU.ActiveCfg = Debug|Any CPU
		{8FC66FEE-A5D3-4973-A1B6-122C083CEF43}.Debug|Any CPU.Build.0 = Debug|Any CPU
		{8FC66FEE-A5D3-4973-A1B6-122C083CEF43}.Release|Any CPU.ActiveCfg = Release|Any CPU
		{8FC66FEE-A5D3-4973-A1B6-122C083CEF43}.Release|Any CPU.Build.0 = Release|Any CPU
		{DDAF7FA6-7EE3-4CF8-9800-25A2C9387AFC}.Debug|Any CPU.ActiveCfg = Debug|Any CPU
		{DDAF7FA6-7EE3-4CF8-9800-25A2C9387AFC}.Debug|Any CPU.Build.0 = Debug|Any CPU
		{DDAF7FA6-7EE3-4CF8-9800-25A2C9387AFC}.Release|Any CPU.ActiveCfg = Release|Any CPU
		{DDAF7FA6-7EE3-4CF8-9800-25A2C9387AFC}.Release|Any CPU.Build.0 = Release|Any CPU
		{A4CD560C-4567-4889-AC1A-FE03E15FF75E}.Debug|Any CPU.ActiveCfg = Debug|Any CPU
		{A4CD560C-4567-4889-AC1A-FE03E15FF75E}.Debug|Any CPU.Build.0 = Debug|Any CPU
		{A4CD560C-4567-4889-AC1A-FE03E15FF75E}.Release|Any CPU.ActiveCfg = Release|Any CPU
		{A4CD560C-4567-4889-AC1A-FE03E15FF75E}.Release|Any CPU.Build.0 = Release|Any CPU
		{B8DB18EB-3BE1-4344-812E-5B3B22D969A3}.Debug|Any CPU.ActiveCfg = Debug|Any CPU
		{B8DB18EB-3BE1-4344-812E-5B3B22D969A3}.Debug|Any CPU.Build.0 = Debug|Any CPU
		{B8DB18EB-3BE1-4344-812E-5B3B22D969A3}.Release|Any CPU.ActiveCfg = Release|Any CPU
		{B8DB18EB-3BE1-4344-812E-5B3B22D969A3}.Release|Any CPU.Build.0 = Release|Any CPU
		{D04F8768-26EC-4EE3-B036-8DABF0DA8C82}.Debug|Any CPU.ActiveCfg = Debug|Any CPU
		{D04F8768-26EC-4EE3-B036-8DABF0DA8C82}.Debug|Any CPU.Build.0 = Debug|Any CPU
		{D04F8768-26EC-4EE3-B036-8DABF0DA8C82}.Release|Any CPU.ActiveCfg = Release|Any CPU
		{D04F8768-26EC-4EE3-B036-8DABF0DA8C82}.Release|Any CPU.Build.0 = Release|Any CPU
		{03158CCE-BDC1-4580-BA29-ADF4DABBBF30}.Debug|Any CPU.ActiveCfg = Debug|Any CPU
		{03158CCE-BDC1-4580-BA29-ADF4DABBBF30}.Debug|Any CPU.Build.0 = Debug|Any CPU
		{03158CCE-BDC1-4580-BA29-ADF4DABBBF30}.Release|Any CPU.ActiveCfg = Release|Any CPU
		{03158CCE-BDC1-4580-BA29-ADF4DABBBF30}.Release|Any CPU.Build.0 = Release|Any CPU
		{A13E2B90-DED3-4951-8507-D9707D31013C}.Debug|Any CPU.ActiveCfg = Debug|Any CPU
		{A13E2B90-DED3-4951-8507-D9707D31013C}.Debug|Any CPU.Build.0 = Debug|Any CPU
		{A13E2B90-DED3-4951-8507-D9707D31013C}.Release|Any CPU.ActiveCfg = Release|Any CPU
		{A13E2B90-DED3-4951-8507-D9707D31013C}.Release|Any CPU.Build.0 = Release|Any CPU
	EndGlobalSection
	GlobalSection(SolutionProperties) = preSolution
		HideSolutionNode = FALSE
	EndGlobalSection
	GlobalSection(NestedProjects) = preSolution
		{B2DEAB02-F231-4AA9-8879-0FD73096C60D} = {14839D79-4183-4D13-A0C3-6E396D51FA9B}
		{4F0E9E3E-DA95-40B2-8FDE-22902388E90A} = {14839D79-4183-4D13-A0C3-6E396D51FA9B}
		{8FC66FEE-A5D3-4973-A1B6-122C083CEF43} = {14839D79-4183-4D13-A0C3-6E396D51FA9B}
		{DDAF7FA6-7EE3-4CF8-9800-25A2C9387AFC} = {14839D79-4183-4D13-A0C3-6E396D51FA9B}
		{A4CD560C-4567-4889-AC1A-FE03E15FF75E} = {14839D79-4183-4D13-A0C3-6E396D51FA9B}
		{B8DB18EB-3BE1-4344-812E-5B3B22D969A3} = {945E10EB-994A-4B19-884C-35B203D1991B}
		{E69A5428-7807-4FA9-AAE5-8FE55AECBFE0} = {FE0DAB01-63F2-42B5-9F81-3B85B33E264B}
		{512C0095-C46D-43D3-8185-AC460A3560EF} = {FE0DAB01-63F2-42B5-9F81-3B85B33E264B}
		{F98068A0-9210-4A55-86B8-25C8E4B686AF} = {FE0DAB01-63F2-42B5-9F81-3B85B33E264B}
		{D04F8768-26EC-4EE3-B036-8DABF0DA8C82} = {FE0DAB01-63F2-42B5-9F81-3B85B33E264B}
		{03158CCE-BDC1-4580-BA29-ADF4DABBBF30} = {ED6682CD-E4DD-484E-B048-D3BF427657C1}
		{A13E2B90-DED3-4951-8507-D9707D31013C} = {945E10EB-994A-4B19-884C-35B203D1991B}
	EndGlobalSection
	GlobalSection(ExtensibilityGlobals) = postSolution
		SolutionGuid = {B48691C4-67D7-4C5B-B8ED-2C7C56A09D72}
	EndGlobalSection
EndGlobal
