
Microsoft Visual Studio Solution File, Format Version 12.00
# Visual Studio 14
VisualStudioVersion = 14.0.25123.0
MinimumVisualStudioVersion = 10.0.40219.1
Project("{FAE04EC0-301F-11D3-BF4B-00C04F79EFBC}") = "SpiroNet", "src\SpiroNet\SpiroNet.csproj", "{B2DEAB02-F231-4AA9-8879-0FD73096C60D}"
EndProject
Project("{FAE04EC0-301F-11D3-BF4B-00C04F79EFBC}") = "SpiroNet.Editor", "src\SpiroNet.Editor\SpiroNet.Editor.csproj", "{4F0E9E3E-DA95-40B2-8FDE-22902388E90A}"
EndProject
Project("{FAE04EC0-301F-11D3-BF4B-00C04F79EFBC}") = "SpiroNet.Json", "src\SpiroNet.Json\SpiroNet.Json.csproj", "{DDAF7FA6-7EE3-4CF8-9800-25A2C9387AFC}"
EndProject
Project("{FAE04EC0-301F-11D3-BF4B-00C04F79EFBC}") = "SpiroNet.ViewModels", "src\SpiroNet.ViewModels\SpiroNet.ViewModels.csproj", "{A4CD560C-4567-4889-AC1A-FE03E15FF75E}"
EndProject
Project("{2150E333-8FDC-42A3-9474-1A3956D46DE8}") = "src", "src", "{14839D79-4183-4D13-A0C3-6E396D51FA9B}"
EndProject
Project("{FAE04EC0-301F-11D3-BF4B-00C04F79EFBC}") = "SpiroNet.Avalonia", "samples\SpiroNet.Avalonia\SpiroNet.Avalonia.csproj", "{B8DB18EB-3BE1-4344-812E-5B3B22D969A3}"
EndProject
Project("{FAE04EC0-301F-11D3-BF4B-00C04F79EFBC}") = "SpiroNet.Wpf", "samples\SpiroNet.Wpf\SpiroNet.Wpf.csproj", "{D06A68AB-E369-4EC5-860F-04F54D29077F}"
EndProject
Project("{2150E333-8FDC-42A3-9474-1A3956D46DE8}") = "samples", "samples", "{945E10EB-994A-4B19-884C-35B203D1991B}"
EndProject
Global
	GlobalSection(SolutionConfigurationPlatforms) = preSolution
		Debug|Any CPU = Debug|Any CPU
		Release|Any CPU = Release|Any CPU
	EndGlobalSection
	GlobalSection(ProjectConfigurationPlatforms) = postSolution
		{D06A68AB-E369-4EC5-860F-04F54D29077F}.Debug|Any CPU.ActiveCfg = Debug|Any CPU
		{D06A68AB-E369-4EC5-860F-04F54D29077F}.Debug|Any CPU.Build.0 = Debug|Any CPU
		{D06A68AB-E369-4EC5-860F-04F54D29077F}.Release|Any CPU.ActiveCfg = Release|Any CPU
		{D06A68AB-E369-4EC5-860F-04F54D29077F}.Release|Any CPU.Build.0 = Release|Any CPU
		{B2DEAB02-F231-4AA9-8879-0FD73096C60D}.Debug|Any CPU.ActiveCfg = Debug|Any CPU
		{B2DEAB02-F231-4AA9-8879-0FD73096C60D}.Debug|Any CPU.Build.0 = Debug|Any CPU
		{B2DEAB02-F231-4AA9-8879-0FD73096C60D}.Release|Any CPU.ActiveCfg = Release|Any CPU
		{B2DEAB02-F231-4AA9-8879-0FD73096C60D}.Release|Any CPU.Build.0 = Release|Any CPU
		{4F0E9E3E-DA95-40B2-8FDE-22902388E90A}.Debug|Any CPU.ActiveCfg = Debug|Any CPU
		{4F0E9E3E-DA95-40B2-8FDE-22902388E90A}.Debug|Any CPU.Build.0 = Debug|Any CPU
		{4F0E9E3E-DA95-40B2-8FDE-22902388E90A}.Release|Any CPU.ActiveCfg = Release|Any CPU
		{4F0E9E3E-DA95-40B2-8FDE-22902388E90A}.Release|Any CPU.Build.0 = Release|Any CPU
		{DDAF7FA6-7EE3-4CF8-9800-25A2C9387AFC}.Debug|Any CPU.ActiveCfg = Debug|Any CPU
		{DDAF7FA6-7EE3-4CF8-9800-25A2C9387AFC}.Debug|Any CPU.Build.0 = Debug|Any CPU
		{DDAF7FA6-7EE3-4CF8-9800-25A2C9387AFC}.Release|Any CPU.ActiveCfg = Release|Any CPU
		{DDAF7FA6-7EE3-4CF8-9800-25A2C9387AFC}.Release|Any CPU.Build.0 = Release|Any CPU
		{A4CD560C-4567-4889-AC1A-FE03E15FF75E}.Debug|Any CPU.ActiveCfg = Debug|Any CPU
		{A4CD560C-4567-4889-AC1A-FE03E15FF75E}.Debug|Any CPU.Build.0 = Debug|Any CPU
		{A4CD560C-4567-4889-AC1A-FE03E15FF75E}.Release|Any CPU.ActiveCfg = Release|Any CPU
		{A4CD560C-4567-4889-AC1A-FE03E15FF75E}.Release|Any CPU.Build.0 = Release|Any CPU
		{B8DB18EB-3BE1-4344-812E-5B3B22D969A3}.Debug|Any CPU.ActiveCfg = Debug|Any CPU
		{B8DB18EB-3BE1-4344-812E-5B3B22D969A3}.Debug|Any CPU.Build.0 = Debug|Any CPU
		{B8DB18EB-3BE1-4344-812E-5B3B22D969A3}.Release|Any CPU.ActiveCfg = Release|Any CPU
		{B8DB18EB-3BE1-4344-812E-5B3B22D969A3}.Release|Any CPU.Build.0 = Release|Any CPU
	EndGlobalSection
	GlobalSection(SolutionProperties) = preSolution
		HideSolutionNode = FALSE
	EndGlobalSection
	GlobalSection(NestedProjects) = preSolution
		{D06A68AB-E369-4EC5-860F-04F54D29077F} = {945E10EB-994A-4B19-884C-35B203D1991B}
		{B2DEAB02-F231-4AA9-8879-0FD73096C60D} = {14839D79-4183-4D13-A0C3-6E396D51FA9B}
		{4F0E9E3E-DA95-40B2-8FDE-22902388E90A} = {14839D79-4183-4D13-A0C3-6E396D51FA9B}
		{DDAF7FA6-7EE3-4CF8-9800-25A2C9387AFC} = {14839D79-4183-4D13-A0C3-6E396D51FA9B}
		{A4CD560C-4567-4889-AC1A-FE03E15FF75E} = {14839D79-4183-4D13-A0C3-6E396D51FA9B}
		{B8DB18EB-3BE1-4344-812E-5B3B22D969A3} = {945E10EB-994A-4B19-884C-35B203D1991B}
	EndGlobalSection
EndGlobal
